
Microsoft Visual Studio Solution File, Format Version 12.00
# Visual Studio Version 16
VisualStudioVersion = 16.0.30011.22
MinimumVisualStudioVersion = 10.0.40219.1
Project("{FAE04EC0-301F-11D3-BF4B-00C04F79EFBC}") = "App01_LayoutXF.UWP", "App01_LayoutXF\App01_LayoutXF.UWP\App01_LayoutXF.UWP.csproj", "{E7A10DE6-6F9B-4E6D-9238-2BB1D2C752AD}"
EndProject
Project("{FAE04EC0-301F-11D3-BF4B-00C04F79EFBC}") = "App01_LayoutXF.Android", "App01_LayoutXF\App01_LayoutXF.Android\App01_LayoutXF.Android.csproj", "{DA61DCE0-143E-4F9E-9DB8-7FFB6E579B57}"
EndProject
Project("{FAE04EC0-301F-11D3-BF4B-00C04F79EFBC}") = "App01_LayoutXF.iOS", "App01_LayoutXF\App01_LayoutXF.iOS\App01_LayoutXF.iOS.csproj", "{D9FC0F75-E199-46B4-9075-94918939C9E1}"
EndProject
Project("{FAE04EC0-301F-11D3-BF4B-00C04F79EFBC}") = "App01_LayoutXF", "App01_LayoutXF\App01_LayoutXF\App01_LayoutXF.csproj", "{EA14F404-518E-462E-99B7-9424DE9D6B1D}"
EndProject
Global
	GlobalSection(SolutionConfigurationPlatforms) = preSolution
		Debug|Any CPU = Debug|Any CPU
		Debug|ARM = Debug|ARM
		Debug|iPhone = Debug|iPhone
		Debug|iPhoneSimulator = Debug|iPhoneSimulator
		Debug|x64 = Debug|x64
		Debug|x86 = Debug|x86
		Release|Any CPU = Release|Any CPU
		Release|ARM = Release|ARM
		Release|iPhone = Release|iPhone
		Release|iPhoneSimulator = Release|iPhoneSimulator
		Release|x64 = Release|x64
		Release|x86 = Release|x86
	EndGlobalSection
	GlobalSection(ProjectConfigurationPlatforms) = postSolution
		{E7A10DE6-6F9B-4E6D-9238-2BB1D2C752AD}.Debug|Any CPU.ActiveCfg = Debug|x86
		{E7A10DE6-6F9B-4E6D-9238-2BB1D2C752AD}.Debug|Any CPU.Build.0 = Debug|x86
		{E7A10DE6-6F9B-4E6D-9238-2BB1D2C752AD}.Debug|Any CPU.Deploy.0 = Debug|x86
		{E7A10DE6-6F9B-4E6D-9238-2BB1D2C752AD}.Debug|ARM.ActiveCfg = Debug|ARM
		{E7A10DE6-6F9B-4E6D-9238-2BB1D2C752AD}.Debug|ARM.Build.0 = Debug|ARM
		{E7A10DE6-6F9B-4E6D-9238-2BB1D2C752AD}.Debug|ARM.Deploy.0 = Debug|ARM
		{E7A10DE6-6F9B-4E6D-9238-2BB1D2C752AD}.Debug|iPhone.ActiveCfg = Debug|x86
		{E7A10DE6-6F9B-4E6D-9238-2BB1D2C752AD}.Debug|iPhone.Build.0 = Debug|x86
		{E7A10DE6-6F9B-4E6D-9238-2BB1D2C752AD}.Debug|iPhone.Deploy.0 = Debug|x86
		{E7A10DE6-6F9B-4E6D-9238-2BB1D2C752AD}.Debug|iPhoneSimulator.ActiveCfg = Debug|x86
		{E7A10DE6-6F9B-4E6D-9238-2BB1D2C752AD}.Debug|iPhoneSimulator.Build.0 = Debug|x86
		{E7A10DE6-6F9B-4E6D-9238-2BB1D2C752AD}.Debug|iPhoneSimulator.Deploy.0 = Debug|x86
		{E7A10DE6-6F9B-4E6D-9238-2BB1D2C752AD}.Debug|x64.ActiveCfg = Debug|x64
		{E7A10DE6-6F9B-4E6D-9238-2BB1D2C752AD}.Debug|x64.Build.0 = Debug|x64
		{E7A10DE6-6F9B-4E6D-9238-2BB1D2C752AD}.Debug|x64.Deploy.0 = Debug|x64
		{E7A10DE6-6F9B-4E6D-9238-2BB1D2C752AD}.Debug|x86.ActiveCfg = Debug|x86
		{E7A10DE6-6F9B-4E6D-9238-2BB1D2C752AD}.Debug|x86.Build.0 = Debug|x86
		{E7A10DE6-6F9B-4E6D-9238-2BB1D2C752AD}.Debug|x86.Deploy.0 = Debug|x86
		{E7A10DE6-6F9B-4E6D-9238-2BB1D2C752AD}.Release|Any CPU.ActiveCfg = Release|x86
		{E7A10DE6-6F9B-4E6D-9238-2BB1D2C752AD}.Release|Any CPU.Build.0 = Release|x86
		{E7A10DE6-6F9B-4E6D-9238-2BB1D2C752AD}.Release|Any CPU.Deploy.0 = Release|x86
		{E7A10DE6-6F9B-4E6D-9238-2BB1D2C752AD}.Release|ARM.ActiveCfg = Release|ARM
		{E7A10DE6-6F9B-4E6D-9238-2BB1D2C752AD}.Release|ARM.Build.0 = Release|ARM
		{E7A10DE6-6F9B-4E6D-9238-2BB1D2C752AD}.Release|ARM.Deploy.0 = Release|ARM
		{E7A10DE6-6F9B-4E6D-9238-2BB1D2C752AD}.Release|iPhone.ActiveCfg = Release|x86
		{E7A10DE6-6F9B-4E6D-9238-2BB1D2C752AD}.Release|iPhone.Build.0 = Release|x86
		{E7A10DE6-6F9B-4E6D-9238-2BB1D2C752AD}.Release|iPhone.Deploy.0 = Release|x86
		{E7A10DE6-6F9B-4E6D-9238-2BB1D2C752AD}.Release|iPhoneSimulator.ActiveCfg = Release|x86
		{E7A10DE6-6F9B-4E6D-9238-2BB1D2C752AD}.Release|iPhoneSimulator.Build.0 = Release|x86
		{E7A10DE6-6F9B-4E6D-9238-2BB1D2C752AD}.Release|iPhoneSimulator.Deploy.0 = Release|x86
		{E7A10DE6-6F9B-4E6D-9238-2BB1D2C752AD}.Release|x64.ActiveCfg = Release|x64
		{E7A10DE6-6F9B-4E6D-9238-2BB1D2C752AD}.Release|x64.Build.0 = Release|x64
		{E7A10DE6-6F9B-4E6D-9238-2BB1D2C752AD}.Release|x64.Deploy.0 = Release|x64
		{E7A10DE6-6F9B-4E6D-9238-2BB1D2C752AD}.Release|x86.ActiveCfg = Release|x86
		{E7A10DE6-6F9B-4E6D-9238-2BB1D2C752AD}.Release|x86.Build.0 = Release|x86
		{E7A10DE6-6F9B-4E6D-9238-2BB1D2C752AD}.Release|x86.Deploy.0 = Release|x86
		{DA61DCE0-143E-4F9E-9DB8-7FFB6E579B57}.Debug|Any CPU.ActiveCfg = Debug|Any CPU
		{DA61DCE0-143E-4F9E-9DB8-7FFB6E579B57}.Debug|Any CPU.Build.0 = Debug|Any CPU
		{DA61DCE0-143E-4F9E-9DB8-7FFB6E579B57}.Debug|Any CPU.Deploy.0 = Debug|Any CPU
		{DA61DCE0-143E-4F9E-9DB8-7FFB6E579B57}.Debug|ARM.ActiveCfg = Debug|Any CPU
		{DA61DCE0-143E-4F9E-9DB8-7FFB6E579B57}.Debug|ARM.Build.0 = Debug|Any CPU
		{DA61DCE0-143E-4F9E-9DB8-7FFB6E579B57}.Debug|ARM.Deploy.0 = Debug|Any CPU
		{DA61DCE0-143E-4F9E-9DB8-7FFB6E579B57}.Debug|iPhone.ActiveCfg = Debug|Any CPU
		{DA61DCE0-143E-4F9E-9DB8-7FFB6E579B57}.Debug|iPhone.Build.0 = Debug|Any CPU
		{DA61DCE0-143E-4F9E-9DB8-7FFB6E579B57}.Debug|iPhone.Deploy.0 = Debug|Any CPU
		{DA61DCE0-143E-4F9E-9DB8-7FFB6E579B57}.Debug|iPhoneSimulator.ActiveCfg = Debug|Any CPU
		{DA61DCE0-143E-4F9E-9DB8-7FFB6E579B57}.Debug|iPhoneSimulator.Build.0 = Debug|Any CPU
		{DA61DCE0-143E-4F9E-9DB8-7FFB6E579B57}.Debug|iPhoneSimulator.Deploy.0 = Debug|Any CPU
		{DA61DCE0-143E-4F9E-9DB8-7FFB6E579B57}.Debug|x64.ActiveCfg = Debug|Any CPU
		{DA61DCE0-143E-4F9E-9DB8-7FFB6E579B57}.Debug|x64.Build.0 = Debug|Any CPU
		{DA61DCE0-143E-4F9E-9DB8-7FFB6E579B57}.Debug|x64.Deploy.0 = Debug|Any CPU
		{DA61DCE0-143E-4F9E-9DB8-7FFB6E579B57}.Debug|x86.ActiveCfg = Debug|Any CPU
		{DA61DCE0-143E-4F9E-9DB8-7FFB6E579B57}.Debug|x86.Build.0 = Debug|Any CPU
		{DA61DCE0-143E-4F9E-9DB8-7FFB6E579B57}.Debug|x86.Deploy.0 = Debug|Any CPU
		{DA61DCE0-143E-4F9E-9DB8-7FFB6E579B57}.Release|Any CPU.ActiveCfg = Release|Any CPU
		{DA61DCE0-143E-4F9E-9DB8-7FFB6E579B57}.Release|Any CPU.Build.0 = Release|Any CPU
		{DA61DCE0-143E-4F9E-9DB8-7FFB6E579B57}.Release|Any CPU.Deploy.0 = Release|Any CPU
		{DA61DCE0-143E-4F9E-9DB8-7FFB6E579B57}.Release|ARM.ActiveCfg = Release|Any CPU
		{DA61DCE0-143E-4F9E-9DB8-7FFB6E579B57}.Release|ARM.Build.0 = Release|Any CPU
		{DA61DCE0-143E-4F9E-9DB8-7FFB6E579B57}.Release|ARM.Deploy.0 = Release|Any CPU
		{DA61DCE0-143E-4F9E-9DB8-7FFB6E579B57}.Release|iPhone.ActiveCfg = Release|Any CPU
		{DA61DCE0-143E-4F9E-9DB8-7FFB6E579B57}.Release|iPhone.Build.0 = Release|Any CPU
		{DA61DCE0-143E-4F9E-9DB8-7FFB6E579B57}.Release|iPhone.Deploy.0 = Release|Any CPU
		{DA61DCE0-143E-4F9E-9DB8-7FFB6E579B57}.Release|iPhoneSimulator.ActiveCfg = Release|Any CPU
		{DA61DCE0-143E-4F9E-9DB8-7FFB6E579B57}.Release|iPhoneSimulator.Build.0 = Release|Any CPU
		{DA61DCE0-143E-4F9E-9DB8-7FFB6E579B57}.Release|iPhoneSimulator.Deploy.0 = Release|Any CPU
		{DA61DCE0-143E-4F9E-9DB8-7FFB6E579B57}.Release|x64.ActiveCfg = Release|Any CPU
		{DA61DCE0-143E-4F9E-9DB8-7FFB6E579B57}.Release|x64.Build.0 = Release|Any CPU
		{DA61DCE0-143E-4F9E-9DB8-7FFB6E579B57}.Release|x64.Deploy.0 = Release|Any CPU
		{DA61DCE0-143E-4F9E-9DB8-7FFB6E579B57}.Release|x86.ActiveCfg = Release|Any CPU
		{DA61DCE0-143E-4F9E-9DB8-7FFB6E579B57}.Release|x86.Build.0 = Release|Any CPU
		{DA61DCE0-143E-4F9E-9DB8-7FFB6E579B57}.Release|x86.Deploy.0 = Release|Any CPU
		{D9FC0F75-E199-46B4-9075-94918939C9E1}.Debug|Any CPU.ActiveCfg = Debug|iPhone
		{D9FC0F75-E199-46B4-9075-94918939C9E1}.Debug|Any CPU.Build.0 = Debug|iPhone
		{D9FC0F75-E199-46B4-9075-94918939C9E1}.Debug|Any CPU.Deploy.0 = Debug|iPhone
		{D9FC0F75-E199-46B4-9075-94918939C9E1}.Debug|ARM.ActiveCfg = Debug|iPhone
		{D9FC0F75-E199-46B4-9075-94918939C9E1}.Debug|ARM.Build.0 = Debug|iPhone
		{D9FC0F75-E199-46B4-9075-94918939C9E1}.Debug|ARM.Deploy.0 = Debug|iPhone
		{D9FC0F75-E199-46B4-9075-94918939C9E1}.Debug|iPhone.ActiveCfg = Debug|iPhone
		{D9FC0F75-E199-46B4-9075-94918939C9E1}.Debug|iPhone.Build.0 = Debug|iPhone
		{D9FC0F75-E199-46B4-9075-94918939C9E1}.Debug|iPhone.Deploy.0 = Debug|iPhone
		{D9FC0F75-E199-46B4-9075-94918939C9E1}.Debug|iPhoneSimulator.ActiveCfg = Debug|iPhoneSimulator
		{D9FC0F75-E199-46B4-9075-94918939C9E1}.Debug|iPhoneSimulator.Build.0 = Debug|iPhoneSimulator
		{D9FC0F75-E199-46B4-9075-94918939C9E1}.Debug|iPhoneSimulator.Deploy.0 = Debug|iPhoneSimulator
		{D9FC0F75-E199-46B4-9075-94918939C9E1}.Debug|x64.ActiveCfg = Debug|iPhone
		{D9FC0F75-E199-46B4-9075-94918939C9E1}.Debug|x64.Build.0 = Debug|iPhone
		{D9FC0F75-E199-46B4-9075-94918939C9E1}.Debug|x64.Deploy.0 = Debug|iPhone
		{D9FC0F75-E199-46B4-9075-94918939C9E1}.Debug|x86.ActiveCfg = Debug|iPhone
		{D9FC0F75-E199-46B4-9075-94918939C9E1}.Debug|x86.Build.0 = Debug|iPhone
		{D9FC0F75-E199-46B4-9075-94918939C9E1}.Debug|x86.Deploy.0 = Debug|iPhone
		{D9FC0F75-E199-46B4-9075-94918939C9E1}.Release|Any CPU.ActiveCfg = Release|iPhone
		{D9FC0F75-E199-46B4-9075-94918939C9E1}.Release|Any CPU.Build.0 = Release|iPhone
		{D9FC0F75-E199-46B4-9075-94918939C9E1}.Release|Any CPU.Deploy.0 = Release|iPhone
		{D9FC0F75-E199-46B4-9075-94918939C9E1}.Release|ARM.ActiveCfg = Release|iPhone
		{D9FC0F75-E199-46B4-9075-94918939C9E1}.Release|ARM.Build.0 = Release|iPhone
		{D9FC0F75-E199-46B4-9075-94918939C9E1}.Release|ARM.Deploy.0 = Release|iPhone
		{D9FC0F75-E199-46B4-9075-94918939C9E1}.Release|iPhone.ActiveCfg = Release|iPhone
		{D9FC0F75-E199-46B4-9075-94918939C9E1}.Release|iPhone.Build.0 = Release|iPhone
		{D9FC0F75-E199-46B4-9075-94918939C9E1}.Release|iPhone.Deploy.0 = Release|iPhone
		{D9FC0F75-E199-46B4-9075-94918939C9E1}.Release|iPhoneSimulator.ActiveCfg = Release|iPhoneSimulator
		{D9FC0F75-E199-46B4-9075-94918939C9E1}.Release|iPhoneSimulator.Build.0 = Release|iPhoneSimulator
		{D9FC0F75-E199-46B4-9075-94918939C9E1}.Release|iPhoneSimulator.Deploy.0 = Release|iPhoneSimulator
		{D9FC0F75-E199-46B4-9075-94918939C9E1}.Release|x64.ActiveCfg = Release|iPhone
		{D9FC0F75-E199-46B4-9075-94918939C9E1}.Release|x64.Build.0 = Release|iPhone
		{D9FC0F75-E199-46B4-9075-94918939C9E1}.Release|x64.Deploy.0 = Release|iPhone
		{D9FC0F75-E199-46B4-9075-94918939C9E1}.Release|x86.ActiveCfg = Release|iPhone
		{D9FC0F75-E199-46B4-9075-94918939C9E1}.Release|x86.Build.0 = Release|iPhone
		{D9FC0F75-E199-46B4-9075-94918939C9E1}.Release|x86.Deploy.0 = Release|iPhone
		{EA14F404-518E-462E-99B7-9424DE9D6B1D}.Debug|Any CPU.ActiveCfg = Debug|Any CPU
		{EA14F404-518E-462E-99B7-9424DE9D6B1D}.Debug|Any CPU.Build.0 = Debug|Any CPU
		{EA14F404-518E-462E-99B7-9424DE9D6B1D}.Debug|Any CPU.Deploy.0 = Debug|Any CPU
		{EA14F404-518E-462E-99B7-9424DE9D6B1D}.Debug|ARM.ActiveCfg = Debug|Any CPU
		{EA14F404-518E-462E-99B7-9424DE9D6B1D}.Debug|ARM.Build.0 = Debug|Any CPU
		{EA14F404-518E-462E-99B7-9424DE9D6B1D}.Debug|ARM.Deploy.0 = Debug|Any CPU
		{EA14F404-518E-462E-99B7-9424DE9D6B1D}.Debug|iPhone.ActiveCfg = Debug|Any CPU
		{EA14F404-518E-462E-99B7-9424DE9D6B1D}.Debug|iPhone.Build.0 = Debug|Any CPU
		{EA14F404-518E-462E-99B7-9424DE9D6B1D}.Debug|iPhone.Deploy.0 = Debug|Any CPU
		{EA14F404-518E-462E-99B7-9424DE9D6B1D}.Debug|iPhoneSimulator.ActiveCfg = Debug|Any CPU
		{EA14F404-518E-462E-99B7-9424DE9D6B1D}.Debug|iPhoneSimulator.Build.0 = Debug|Any CPU
		{EA14F404-518E-462E-99B7-9424DE9D6B1D}.Debug|iPhoneSimulator.Deploy.0 = Debug|Any CPU
		{EA14F404-518E-462E-99B7-9424DE9D6B1D}.Debug|x64.ActiveCfg = Debug|Any CPU
		{EA14F404-518E-462E-99B7-9424DE9D6B1D}.Debug|x64.Build.0 = Debug|Any CPU
		{EA14F404-518E-462E-99B7-9424DE9D6B1D}.Debug|x64.Deploy.0 = Debug|Any CPU
		{EA14F404-518E-462E-99B7-9424DE9D6B1D}.Debug|x86.ActiveCfg = Debug|Any CPU
		{EA14F404-518E-462E-99B7-9424DE9D6B1D}.Debug|x86.Build.0 = Debug|Any CPU
		{EA14F404-518E-462E-99B7-9424DE9D6B1D}.Debug|x86.Deploy.0 = Debug|Any CPU
		{EA14F404-518E-462E-99B7-9424DE9D6B1D}.Release|Any CPU.ActiveCfg = Release|Any CPU
		{EA14F404-518E-462E-99B7-9424DE9D6B1D}.Release|Any CPU.Build.0 = Release|Any CPU
		{EA14F404-518E-462E-99B7-9424DE9D6B1D}.Release|Any CPU.Deploy.0 = Release|Any CPU
		{EA14F404-518E-462E-99B7-9424DE9D6B1D}.Release|ARM.ActiveCfg = Release|Any CPU
		{EA14F404-518E-462E-99B7-9424DE9D6B1D}.Release|ARM.Build.0 = Release|Any CPU
		{EA14F404-518E-462E-99B7-9424DE9D6B1D}.Release|ARM.Deploy.0 = Release|Any CPU
		{EA14F404-518E-462E-99B7-9424DE9D6B1D}.Release|iPhone.ActiveCfg = Release|Any CPU
		{EA14F404-518E-462E-99B7-9424DE9D6B1D}.Release|iPhone.Build.0 = Release|Any CPU
		{EA14F404-518E-462E-99B7-9424DE9D6B1D}.Release|iPhone.Deploy.0 = Release|Any CPU
		{EA14F404-518E-462E-99B7-9424DE9D6B1D}.Release|iPhoneSimulator.ActiveCfg = Release|Any CPU
		{EA14F404-518E-462E-99B7-9424DE9D6B1D}.Release|iPhoneSimulator.Build.0 = Release|Any CPU
		{EA14F404-518E-462E-99B7-9424DE9D6B1D}.Release|iPhoneSimulator.Deploy.0 = Release|Any CPU
		{EA14F404-518E-462E-99B7-9424DE9D6B1D}.Release|x64.ActiveCfg = Release|Any CPU
		{EA14F404-518E-462E-99B7-9424DE9D6B1D}.Release|x64.Build.0 = Release|Any CPU
		{EA14F404-518E-462E-99B7-9424DE9D6B1D}.Release|x64.Deploy.0 = Release|Any CPU
		{EA14F404-518E-462E-99B7-9424DE9D6B1D}.Release|x86.ActiveCfg = Release|Any CPU
		{EA14F404-518E-462E-99B7-9424DE9D6B1D}.Release|x86.Build.0 = Release|Any CPU
		{EA14F404-518E-462E-99B7-9424DE9D6B1D}.Release|x86.Deploy.0 = Release|Any CPU
	EndGlobalSection
	GlobalSection(SolutionProperties) = preSolution
		HideSolutionNode = FALSE
	EndGlobalSection
	GlobalSection(ExtensibilityGlobals) = postSolution
		SolutionGuid = {660AD65A-C602-4186-9C78-E1B0B2EA9D45}
	EndGlobalSection
EndGlobal
